
Microsoft Visual Studio Solution File, Format Version 12.00
# Visual Studio Version 17
VisualStudioVersion = 17.12.35527.113
MinimumVisualStudioVersion = 10.0.40219.1
Project("{FAE04EC0-301F-11D3-BF4B-00C04F79EFBC}") = "Toggle.DAL", "Toggle.DAL\Toggle.DAL.csproj", "{F35D8678-A020-420E-A9F3-5FA79443A223}"
EndProject
Project("{FAE04EC0-301F-11D3-BF4B-00C04F79EFBC}") = "Toggle.BL", "Toggle.BL\Toggle.BL.csproj", "{76E7C045-B622-4002-B14B-E8B1E0613C26}"
EndProject
Project("{FAE04EC0-301F-11D3-BF4B-00C04F79EFBC}") = "Toggle.API", "WebApplication1\Toggle.API.csproj", "{871B369B-FB06-4ABF-92A6-679B395049AA}"
EndProject
Project("{2150E333-8FDC-42A3-9474-1A3956D46DE8}") = "API", "API", "{3B0F3044-5E9A-40FF-BDA8-8F5EE345B0D4}"
EndProject
Project("{2150E333-8FDC-42A3-9474-1A3956D46DE8}") = "Common", "Common", "{680FD429-DB87-4460-8F3A-674B4DF55FCB}"
EndProject
Project("{FAE04EC0-301F-11D3-BF4B-00C04F79EFBC}") = "Common", "Common\Common.csproj", "{83475D94-BD19-4910-8026-4FADF896E23A}"
EndProject
Project("{2150E333-8FDC-42A3-9474-1A3956D46DE8}") = "IdentityProvider", "IdentityProvider", "{30F35C48-81B2-4350-96AD-542D023058A7}"
EndProject
Project("{FAE04EC0-301F-11D3-BF4B-00C04F79EFBC}") = "Toggle.IdentityProvider.Api", "Project1\Toggle.IdentityProvider.Api.csproj", "{B0F82623-9C60-4FE0-AE28-84B47446198B}"
EndProject
Project("{FAE04EC0-301F-11D3-BF4B-00C04F79EFBC}") = "Toggle.IdentityProvider.DAL", "ClassLibrary1\Toggle.IdentityProvider.DAL.csproj", "{DCE561FD-C3A8-4F9D-B33E-A4BCAE064CF9}"
EndProject
Project("{2150E333-8FDC-42A3-9474-1A3956D46DE8}") = "WEB", "WEB", "{75ADD66E-5DAB-47CC-A4AB-6EAAB3B760B1}"
EndProject
Project("{FAE04EC0-301F-11D3-BF4B-00C04F79EFBC}") = "Toggle.WEB", "Toggle.WEB\Toggle.WEB\Toggle.WEB.csproj", "{2E373724-4B79-4D7C-91DF-AC300CAFC749}"
EndProject
Project("{FAE04EC0-301F-11D3-BF4B-00C04F79EFBC}") = "Toggle.WEB.Client", "Toggle.WEB\Toggle.WEB.Client\Toggle.WEB.Client.csproj", "{57988B05-2F23-4792-9EE7-83D9C9E99802}"
EndProject
Global
	GlobalSection(SolutionConfigurationPlatforms) = preSolution
		Debug|Any CPU = Debug|Any CPU
		Release|Any CPU = Release|Any CPU
	EndGlobalSection
	GlobalSection(ProjectConfigurationPlatforms) = postSolution
		{F35D8678-A020-420E-A9F3-5FA79443A223}.Debug|Any CPU.ActiveCfg = Debug|Any CPU
		{F35D8678-A020-420E-A9F3-5FA79443A223}.Debug|Any CPU.Build.0 = Debug|Any CPU
		{F35D8678-A020-420E-A9F3-5FA79443A223}.Release|Any CPU.ActiveCfg = Release|Any CPU
		{F35D8678-A020-420E-A9F3-5FA79443A223}.Release|Any CPU.Build.0 = Release|Any CPU
		{76E7C045-B622-4002-B14B-E8B1E0613C26}.Debug|Any CPU.ActiveCfg = Debug|Any CPU
		{76E7C045-B622-4002-B14B-E8B1E0613C26}.Debug|Any CPU.Build.0 = Debug|Any CPU
		{76E7C045-B622-4002-B14B-E8B1E0613C26}.Release|Any CPU.ActiveCfg = Release|Any CPU
		{76E7C045-B622-4002-B14B-E8B1E0613C26}.Release|Any CPU.Build.0 = Release|Any CPU
		{871B369B-FB06-4ABF-92A6-679B395049AA}.Debug|Any CPU.ActiveCfg = Debug|Any CPU
		{871B369B-FB06-4ABF-92A6-679B395049AA}.Debug|Any CPU.Build.0 = Debug|Any CPU
		{871B369B-FB06-4ABF-92A6-679B395049AA}.Release|Any CPU.ActiveCfg = Release|Any CPU
		{871B369B-FB06-4ABF-92A6-679B395049AA}.Release|Any CPU.Build.0 = Release|Any CPU
		{83475D94-BD19-4910-8026-4FADF896E23A}.Debug|Any CPU.ActiveCfg = Debug|Any CPU
		{83475D94-BD19-4910-8026-4FADF896E23A}.Debug|Any CPU.Build.0 = Debug|Any CPU
		{83475D94-BD19-4910-8026-4FADF896E23A}.Release|Any CPU.ActiveCfg = Release|Any CPU
		{83475D94-BD19-4910-8026-4FADF896E23A}.Release|Any CPU.Build.0 = Release|Any CPU
		{B0F82623-9C60-4FE0-AE28-84B47446198B}.Debug|Any CPU.ActiveCfg = Debug|Any CPU
		{B0F82623-9C60-4FE0-AE28-84B47446198B}.Debug|Any CPU.Build.0 = Debug|Any CPU
		{B0F82623-9C60-4FE0-AE28-84B47446198B}.Release|Any CPU.ActiveCfg = Release|Any CPU
		{B0F82623-9C60-4FE0-AE28-84B47446198B}.Release|Any CPU.Build.0 = Release|Any CPU
		{DCE561FD-C3A8-4F9D-B33E-A4BCAE064CF9}.Debug|Any CPU.ActiveCfg = Debug|Any CPU
		{DCE561FD-C3A8-4F9D-B33E-A4BCAE064CF9}.Debug|Any CPU.Build.0 = Debug|Any CPU
		{DCE561FD-C3A8-4F9D-B33E-A4BCAE064CF9}.Release|Any CPU.ActiveCfg = Release|Any CPU
		{DCE561FD-C3A8-4F9D-B33E-A4BCAE064CF9}.Release|Any CPU.Build.0 = Release|Any CPU
		{2E373724-4B79-4D7C-91DF-AC300CAFC749}.Debug|Any CPU.ActiveCfg = Debug|Any CPU
		{2E373724-4B79-4D7C-91DF-AC300CAFC749}.Debug|Any CPU.Build.0 = Debug|Any CPU
		{2E373724-4B79-4D7C-91DF-AC300CAFC749}.Release|Any CPU.ActiveCfg = Release|Any CPU
		{2E373724-4B79-4D7C-91DF-AC300CAFC749}.Release|Any CPU.Build.0 = Release|Any CPU
		{57988B05-2F23-4792-9EE7-83D9C9E99802}.Debug|Any CPU.ActiveCfg = Debug|Any CPU
		{57988B05-2F23-4792-9EE7-83D9C9E99802}.Debug|Any CPU.Build.0 = Debug|Any CPU
		{57988B05-2F23-4792-9EE7-83D9C9E99802}.Release|Any CPU.ActiveCfg = Release|Any CPU
		{57988B05-2F23-4792-9EE7-83D9C9E99802}.Release|Any CPU.Build.0 = Release|Any CPU
	EndGlobalSection
	GlobalSection(SolutionProperties) = preSolution
		HideSolutionNode = FALSE
	EndGlobalSection
	GlobalSection(NestedProjects) = preSolution
		{F35D8678-A020-420E-A9F3-5FA79443A223} = {3B0F3044-5E9A-40FF-BDA8-8F5EE345B0D4}
		{76E7C045-B622-4002-B14B-E8B1E0613C26} = {3B0F3044-5E9A-40FF-BDA8-8F5EE345B0D4}
		{871B369B-FB06-4ABF-92A6-679B395049AA} = {3B0F3044-5E9A-40FF-BDA8-8F5EE345B0D4}
		{83475D94-BD19-4910-8026-4FADF896E23A} = {680FD429-DB87-4460-8F3A-674B4DF55FCB}
		{B0F82623-9C60-4FE0-AE28-84B47446198B} = {30F35C48-81B2-4350-96AD-542D023058A7}
		{DCE561FD-C3A8-4F9D-B33E-A4BCAE064CF9} = {30F35C48-81B2-4350-96AD-542D023058A7}
		{2E373724-4B79-4D7C-91DF-AC300CAFC749} = {75ADD66E-5DAB-47CC-A4AB-6EAAB3B760B1}
		{57988B05-2F23-4792-9EE7-83D9C9E99802} = {75ADD66E-5DAB-47CC-A4AB-6EAAB3B760B1}
	EndGlobalSection
EndGlobal
